
Microsoft Visual Studio Solution File, Format Version 12.00
# Visual Studio Version 17
VisualStudioVersion = 17.4.33205.214
MinimumVisualStudioVersion = 10.0.40219.1
Project("{FAE04EC0-301F-11D3-BF4B-00C04F79EFBC}") = "Transflo", "Transflo\Transflo.csproj", "{91831007-9D34-4C05-8307-D0ED578F3F94}"
EndProject
Global
	GlobalSection(SolutionConfigurationPlatforms) = preSolution
		Debug|Any CPU = Debug|Any CPU
		Release|Any CPU = Release|Any CPU
	EndGlobalSection
	GlobalSection(ProjectConfigurationPlatforms) = postSolution
		{91831007-9D34-4C05-8307-D0ED578F3F94}.Debug|Any CPU.ActiveCfg = Debug|Any CPU
		{91831007-9D34-4C05-8307-D0ED578F3F94}.Debug|Any CPU.Build.0 = Debug|Any CPU
		{91831007-9D34-4C05-8307-D0ED578F3F94}.Release|Any CPU.ActiveCfg = Release|Any CPU
		{91831007-9D34-4C05-8307-D0ED578F3F94}.Release|Any CPU.Build.0 = Release|Any CPU
	EndGlobalSection
	GlobalSection(SolutionProperties) = preSolution
		HideSolutionNode = FALSE
	EndGlobalSection
	GlobalSection(ExtensibilityGlobals) = postSolution
		SolutionGuid = {F5163E45-D089-4757-83F9-E69CFC165170}
	EndGlobalSection
EndGlobal
